
Microsoft Visual Studio Solution File, Format Version 12.00
# Visual Studio 15
VisualStudioVersion = 15.0.28307.1259
MinimumVisualStudioVersion = 10.0.40219.1
Project("{FAE04EC0-301F-11D3-BF4B-00C04F79EFBC}") = "Projeto_De_Teste", "Projeto_De_Teste\Projeto_De_Teste.csproj", "{09F99542-0EA2-4F68-ABC5-76E21FCAC0BE}"
EndProject
Global
	GlobalSection(SolutionConfigurationPlatforms) = preSolution
		Debug|Any CPU = Debug|Any CPU
		Release|Any CPU = Release|Any CPU
	EndGlobalSection
	GlobalSection(ProjectConfigurationPlatforms) = postSolution
		{09F99542-0EA2-4F68-ABC5-76E21FCAC0BE}.Debug|Any CPU.ActiveCfg = Debug|Any CPU
		{09F99542-0EA2-4F68-ABC5-76E21FCAC0BE}.Debug|Any CPU.Build.0 = Debug|Any CPU
		{09F99542-0EA2-4F68-ABC5-76E21FCAC0BE}.Release|Any CPU.ActiveCfg = Release|Any CPU
		{09F99542-0EA2-4F68-ABC5-76E21FCAC0BE}.Release|Any CPU.Build.0 = Release|Any CPU
	EndGlobalSection
	GlobalSection(SolutionProperties) = preSolution
		HideSolutionNode = FALSE
	EndGlobalSection
	GlobalSection(ExtensibilityGlobals) = postSolution
		SolutionGuid = {E0DF330C-5157-4FF1-8485-3F475581E44E}
	EndGlobalSection
EndGlobal
